
Microsoft Visual Studio Solution File, Format Version 11.00
# Visual Studio 2010
Project("{FAE04EC0-301F-11D3-BF4B-00C04F79EFBC}") = "Assembly-CSharp", "Assembly-CSharp.csproj", "{5649ba0f-8468-83bf-c5f4-00da7b3bdba9}"
EndProject
Project("{FAE04EC0-301F-11D3-BF4B-00C04F79EFBC}") = "Assembly-CSharp-Editor", "Assembly-CSharp-Editor.csproj", "{2dcb306a-ea31-b9b0-b328-7da0f8485a57}"
EndProject
Global
	GlobalSection(SolutionConfigurationPlatforms) = preSolution
		Debug|Any CPU = Debug|Any CPU
		Release|Any CPU = Release|Any CPU
	EndGlobalSection
	GlobalSection(ProjectConfigurationPlatforms) = postSolution
		{5649ba0f-8468-83bf-c5f4-00da7b3bdba9}.Debug|Any CPU.ActiveCfg = Debug|Any CPU
		{5649ba0f-8468-83bf-c5f4-00da7b3bdba9}.Debug|Any CPU.Build.0 = Debug|Any CPU
		{5649ba0f-8468-83bf-c5f4-00da7b3bdba9}.Release|Any CPU.ActiveCfg = Release|Any CPU
		{5649ba0f-8468-83bf-c5f4-00da7b3bdba9}.Release|Any CPU.Build.0 = Release|Any CPU
		{2dcb306a-ea31-b9b0-b328-7da0f8485a57}.Debug|Any CPU.ActiveCfg = Debug|Any CPU
		{2dcb306a-ea31-b9b0-b328-7da0f8485a57}.Debug|Any CPU.Build.0 = Debug|Any CPU
		{2dcb306a-ea31-b9b0-b328-7da0f8485a57}.Release|Any CPU.ActiveCfg = Release|Any CPU
		{2dcb306a-ea31-b9b0-b328-7da0f8485a57}.Release|Any CPU.Build.0 = Release|Any CPU
	EndGlobalSection
	GlobalSection(SolutionProperties) = preSolution
		HideSolutionNode = FALSE
	EndGlobalSection
EndGlobal
